
Microsoft Visual Studio Solution File, Format Version 12.00
# Visual Studio Version 17
VisualStudioVersion = 17.1.32421.90
MinimumVisualStudioVersion = 10.0.40219.1
Project("{FAE04EC0-301F-11D3-BF4B-00C04F79EFBC}") = "Kopernicus.Parser", "src\Kopernicus.Parser.csproj", "{F9968D87-83DA-453C-8E28-B632367EACD3}"
EndProject
Global
	GlobalSection(SolutionConfigurationPlatforms) = preSolution
		Debug|Any CPU = Debug|Any CPU
		Release|Any CPU = Release|Any CPU
	EndGlobalSection
	GlobalSection(ProjectConfigurationPlatforms) = postSolution
		{F9968D87-83DA-453C-8E28-B632367EACD3}.Debug|Any CPU.ActiveCfg = Debug|Any CPU
		{F9968D87-83DA-453C-8E28-B632367EACD3}.Debug|Any CPU.Build.0 = Debug|Any CPU
		{F9968D87-83DA-453C-8E28-B632367EACD3}.Release|Any CPU.ActiveCfg = Release|Any CPU
		{F9968D87-83DA-453C-8E28-B632367EACD3}.Release|Any CPU.Build.0 = Release|Any CPU
	EndGlobalSection
	GlobalSection(SolutionProperties) = preSolution
		HideSolutionNode = FALSE
	EndGlobalSection
	GlobalSection(ExtensibilityGlobals) = postSolution
		SolutionGuid = {306E8288-19EA-42FD-AF82-3F759EAEB8FF}
	EndGlobalSection
EndGlobal
